
Microsoft Visual Studio Solution File, Format Version 12.00
# Visual Studio Version 17
VisualStudioVersion = 17.13.35825.156 d17.13
MinimumVisualStudioVersion = 10.0.40219.1
Project("{FAE04EC0-301F-11D3-BF4B-00C04F79EFBC}") = "WebView2", "WebView2.csproj", "{B4D8D2D2-8C85-40BA-B915-468E4D4869EC}"
EndProject
Global
	GlobalSection(SolutionConfigurationPlatforms) = preSolution
		Debug|Any CPU = Debug|Any CPU
		Release|Any CPU = Release|Any CPU
	EndGlobalSection
	GlobalSection(ProjectConfigurationPlatforms) = postSolution
		{B4D8D2D2-8C85-40BA-B915-468E4D4869EC}.Debug|Any CPU.ActiveCfg = Debug|Any CPU
		{B4D8D2D2-8C85-40BA-B915-468E4D4869EC}.Debug|Any CPU.Build.0 = Debug|Any CPU
		{B4D8D2D2-8C85-40BA-B915-468E4D4869EC}.Release|Any CPU.ActiveCfg = Release|Any CPU
		{B4D8D2D2-8C85-40BA-B915-468E4D4869EC}.Release|Any CPU.Build.0 = Release|Any CPU
	EndGlobalSection
	GlobalSection(SolutionProperties) = preSolution
		HideSolutionNode = FALSE
	EndGlobalSection
	GlobalSection(ExtensibilityGlobals) = postSolution
		SolutionGuid = {58170C69-E511-4E4A-9325-E98AD66972E4}
	EndGlobalSection
EndGlobal
